
Microsoft Visual Studio Solution File, Format Version 12.00
# Visual Studio Version 17
VisualStudioVersion = 17.10.35013.160
MinimumVisualStudioVersion = 10.0.40219.1
Project("{FAE04EC0-301F-11D3-BF4B-00C04F79EFBC}") = "UniMenti", "UniMenti.csproj", "{B3206FBB-05F2-4B76-B4DC-D607E684166B}"
EndProject
Global
	GlobalSection(SolutionConfigurationPlatforms) = preSolution
		Debug|Any CPU = Debug|Any CPU
		Release|Any CPU = Release|Any CPU
	EndGlobalSection
	GlobalSection(ProjectConfigurationPlatforms) = postSolution
		{B3206FBB-05F2-4B76-B4DC-D607E684166B}.Debug|Any CPU.ActiveCfg = Debug|Any CPU
		{B3206FBB-05F2-4B76-B4DC-D607E684166B}.Debug|Any CPU.Build.0 = Debug|Any CPU
		{B3206FBB-05F2-4B76-B4DC-D607E684166B}.Release|Any CPU.ActiveCfg = Release|Any CPU
		{B3206FBB-05F2-4B76-B4DC-D607E684166B}.Release|Any CPU.Build.0 = Release|Any CPU
	EndGlobalSection
	GlobalSection(SolutionProperties) = preSolution
		HideSolutionNode = FALSE
	EndGlobalSection
	GlobalSection(ExtensibilityGlobals) = postSolution
		SolutionGuid = {0E7B129E-BE8E-419D-8BC4-E1D0BFEE1771}
	EndGlobalSection
EndGlobal
